{
  "version": 4,
  "terraform_version": "1.1.9",
  "serial": 12,
  "lineage": "728f9b8c-6675-e36e-98f4-7604a90e2785",
  "outputs": {},
  "resources": [
    {
      "module": "module.tf1",
      "mode": "managed",
      "type": "aws_security_group",
      "name": "siddharth_sg1",
      "provider": "module.tf1.provider[\"registry.terraform.io/hashicorp/aws\"]",
      "instances": [
        {
          "schema_version": 1,
          "attributes": {
            "arn": "arn:aws:ec2:us-east-2:421320058418:security-group/sg-0258a5def3d8c64c3",
            "description": "Allow TLS inbound traffic",
            "egress": [
              {
                "cidr_blocks": [
                  "0.0.0.0/0"
                ],
                "description": "",
                "from_port": 0,
                "ipv6_cidr_blocks": [
                  "::/0"
                ],
                "prefix_list_ids": [],
                "protocol": "-1",
                "security_groups": [],
                "self": false,
                "to_port": 0
              }
            ],
            "id": "sg-0258a5def3d8c64c3",
            "ingress": [
              {
                "cidr_blocks": [
                  "10.10.0.0/16"
                ],
                "description": "TLS from VPC",
                "from_port": 443,
                "ipv6_cidr_blocks": [],
                "prefix_list_ids": [],
                "protocol": "tcp",
                "security_groups": [],
                "self": false,
                "to_port": 443
              }
            ],
            "name": "siddharth_sg1",
            "name_prefix": "",
            "owner_id": "421320058418",
            "revoke_rules_on_delete": false,
            "tags": {
              "Name": "siddharth_sg1"
            },
            "tags_all": {
              "Name": "siddharth_sg1"
            },
            "timeouts": null,
            "vpc_id": "vpc-0cb153759318ea2ec"
          },
          "sensitive_attributes": [],
          "private": "eyJlMmJmYjczMC1lY2FhLTExZTYtOGY4OC0zNDM2M2JjN2M0YzAiOnsiY3JlYXRlIjo2MDAwMDAwMDAwMDAsImRlbGV0ZSI6OTAwMDAwMDAwMDAwfSwic2NoZW1hX3ZlcnNpb24iOiIxIn0="
        }
      ]
    },
    {
      "module": "module.tf2",
      "mode": "managed",
      "type": "aws_security_group",
      "name": "siddharth_sg2",
      "provider": "module.tf2.provider[\"registry.terraform.io/hashicorp/aws\"]",
      "instances": [
        {
          "schema_version": 1,
          "attributes": {
            "arn": "arn:aws:ec2:us-east-2:421320058418:security-group/sg-0f4d9293a9111a8a9",
            "description": "Allow TLS inbound traffic",
            "egress": [
              {
                "cidr_blocks": [
                  "0.0.0.0/0"
                ],
                "description": "",
                "from_port": 0,
                "ipv6_cidr_blocks": [
                  "::/0"
                ],
                "prefix_list_ids": [],
                "protocol": "-1",
                "security_groups": [],
                "self": false,
                "to_port": 0
              }
            ],
            "id": "sg-0f4d9293a9111a8a9",
            "ingress": [
              {
                "cidr_blocks": [
                  "10.10.0.0/16"
                ],
                "description": "TLS from VPC",
                "from_port": 443,
                "ipv6_cidr_blocks": [],
                "prefix_list_ids": [],
                "protocol": "tcp",
                "security_groups": [],
                "self": false,
                "to_port": 443
              }
            ],
            "name": "siddharth_sg2",
            "name_prefix": "",
            "owner_id": "421320058418",
            "revoke_rules_on_delete": false,
            "tags": {
              "Name": "siddharth_sg2"
            },
            "tags_all": {
              "Name": "siddharth_sg2"
            },
            "timeouts": null,
            "vpc_id": "vpc-0cb153759318ea2ec"
          },
          "sensitive_attributes": [],
          "private": "eyJlMmJmYjczMC1lY2FhLTExZTYtOGY4OC0zNDM2M2JjN2M0YzAiOnsiY3JlYXRlIjo2MDAwMDAwMDAwMDAsImRlbGV0ZSI6OTAwMDAwMDAwMDAwfSwic2NoZW1hX3ZlcnNpb24iOiIxIn0="
        }
      ]
    },
    {
      "module": "module.tf3",
      "mode": "managed",
      "type": "aws_security_group",
      "name": "siddharth_sg3",
      "provider": "module.tf3.provider[\"registry.terraform.io/hashicorp/aws\"]",
      "instances": [
        {
          "schema_version": 1,
          "attributes": {
            "arn": "arn:aws:ec2:us-east-2:421320058418:security-group/sg-0f48c2db5d0e179a1",
            "description": "Allow TLS inbound traffic",
            "egress": [
              {
                "cidr_blocks": [
                  "0.0.0.0/0"
                ],
                "description": "",
                "from_port": 0,
                "ipv6_cidr_blocks": [
                  "::/0"
                ],
                "prefix_list_ids": [],
                "protocol": "-1",
                "security_groups": [],
                "self": false,
                "to_port": 0
              }
            ],
            "id": "sg-0f48c2db5d0e179a1",
            "ingress": [
              {
                "cidr_blocks": [
                  "10.10.0.0/16"
                ],
                "description": "TLS from VPC",
                "from_port": 443,
                "ipv6_cidr_blocks": [],
                "prefix_list_ids": [],
                "protocol": "tcp",
                "security_groups": [],
                "self": false,
                "to_port": 443
              }
            ],
            "name": "siddharth_sg3",
            "name_prefix": "",
            "owner_id": "421320058418",
            "revoke_rules_on_delete": false,
            "tags": {
              "Name": "siddharth_sg3"
            },
            "tags_all": {
              "Name": "siddharth_sg3"
            },
            "timeouts": null,
            "vpc_id": "vpc-0cb153759318ea2ec"
          },
          "sensitive_attributes": [],
          "private": "eyJlMmJmYjczMC1lY2FhLTExZTYtOGY4OC0zNDM2M2JjN2M0YzAiOnsiY3JlYXRlIjo2MDAwMDAwMDAwMDAsImRlbGV0ZSI6OTAwMDAwMDAwMDAwfSwic2NoZW1hX3ZlcnNpb24iOiIxIn0="
        }
      ]
    }
  ]
}
